
Microsoft Visual Studio Solution File, Format Version 12.00
# Visual Studio Version 16
VisualStudioVersion = 16.0.31605.320
MinimumVisualStudioVersion = 10.0.40219.1
Project("{FAE04EC0-301F-11D3-BF4B-00C04F79EFBC}") = "TP_HoroscopeService", "TP_HoroscopeService\TP_HoroscopeService.csproj", "{0F0F4080-32B2-44E3-A00E-703AF2AEFC1B}"
EndProject
Global
	GlobalSection(SolutionConfigurationPlatforms) = preSolution
		Debug|Any CPU = Debug|Any CPU
		Release|Any CPU = Release|Any CPU
	EndGlobalSection
	GlobalSection(ProjectConfigurationPlatforms) = postSolution
		{0F0F4080-32B2-44E3-A00E-703AF2AEFC1B}.Debug|Any CPU.ActiveCfg = Debug|Any CPU
		{0F0F4080-32B2-44E3-A00E-703AF2AEFC1B}.Debug|Any CPU.Build.0 = Debug|Any CPU
		{0F0F4080-32B2-44E3-A00E-703AF2AEFC1B}.Release|Any CPU.ActiveCfg = Release|Any CPU
		{0F0F4080-32B2-44E3-A00E-703AF2AEFC1B}.Release|Any CPU.Build.0 = Release|Any CPU
	EndGlobalSection
	GlobalSection(SolutionProperties) = preSolution
		HideSolutionNode = FALSE
	EndGlobalSection
	GlobalSection(ExtensibilityGlobals) = postSolution
		SolutionGuid = {C4F408B3-C803-4860-8C70-6D7A1E90761F}
	EndGlobalSection
EndGlobal
