
Microsoft Visual Studio Solution File, Format Version 12.00
# Visual Studio Version 16
VisualStudioVersion = 16.0.31605.320
MinimumVisualStudioVersion = 10.0.40219.1
Project("{FAE04EC0-301F-11D3-BF4B-00C04F79EFBC}") = "TP_DB_HoroscopeService", "TP_DB_HoroscopeService\TP_DB_HoroscopeService.csproj", "{73822429-3660-4BF6-AB67-EA8F20432591}"
EndProject
Global
	GlobalSection(SolutionConfigurationPlatforms) = preSolution
		Debug|Any CPU = Debug|Any CPU
		Release|Any CPU = Release|Any CPU
	EndGlobalSection
	GlobalSection(ProjectConfigurationPlatforms) = postSolution
		{73822429-3660-4BF6-AB67-EA8F20432591}.Debug|Any CPU.ActiveCfg = Debug|Any CPU
		{73822429-3660-4BF6-AB67-EA8F20432591}.Debug|Any CPU.Build.0 = Debug|Any CPU
		{73822429-3660-4BF6-AB67-EA8F20432591}.Release|Any CPU.ActiveCfg = Release|Any CPU
		{73822429-3660-4BF6-AB67-EA8F20432591}.Release|Any CPU.Build.0 = Release|Any CPU
	EndGlobalSection
	GlobalSection(SolutionProperties) = preSolution
		HideSolutionNode = FALSE
	EndGlobalSection
	GlobalSection(ExtensibilityGlobals) = postSolution
		SolutionGuid = {43E9104A-DB7A-469F-9D22-33654871191F}
	EndGlobalSection
EndGlobal
